
Microsoft Visual Studio Solution File, Format Version 12.00
# Visual Studio Version 17
VisualStudioVersion = 17.3.32901.215
MinimumVisualStudioVersion = 10.0.40219.1
Project("{FAE04EC0-301F-11D3-BF4B-00C04F79EFBC}") = "SoftBookShop", "SoftBookShop\SoftBookShop.csproj", "{F580E3B8-EE28-47A5-BC0C-434B0C88BF65}"
EndProject
Global
	GlobalSection(SolutionConfigurationPlatforms) = preSolution
		Debug|Any CPU = Debug|Any CPU
		Release|Any CPU = Release|Any CPU
	EndGlobalSection
	GlobalSection(ProjectConfigurationPlatforms) = postSolution
		{F580E3B8-EE28-47A5-BC0C-434B0C88BF65}.Debug|Any CPU.ActiveCfg = Debug|Any CPU
		{F580E3B8-EE28-47A5-BC0C-434B0C88BF65}.Debug|Any CPU.Build.0 = Debug|Any CPU
		{F580E3B8-EE28-47A5-BC0C-434B0C88BF65}.Release|Any CPU.ActiveCfg = Release|Any CPU
		{F580E3B8-EE28-47A5-BC0C-434B0C88BF65}.Release|Any CPU.Build.0 = Release|Any CPU
	EndGlobalSection
	GlobalSection(SolutionProperties) = preSolution
		HideSolutionNode = FALSE
	EndGlobalSection
	GlobalSection(ExtensibilityGlobals) = postSolution
		SolutionGuid = {89B6EBCC-18E1-47AC-A2A6-0A7565DC1EA7}
	EndGlobalSection
EndGlobal
